// !$*UTF8*$!
{
	archiveVersion = 1;
	classes = {
	};
	objectVersion = 56;
	objects = {

/* Begin PBXBuildFile section */
		1A0001E02C8B5C0000123456 /* PhoneUnlockerApp.swift in Sources */ = {isa = PBXBuildFile; fileRef = 1A0001DF2C8B5C0000123456 /* PhoneUnlockerApp.swift */; };
		1A0001E22C8B5C0000123456 /* ContentView.swift in Sources */ = {isa = PBXBuildFile; fileRef = 1A0001E12C8B5C0000123456 /* ContentView.swift */; };
		1A0001E42C8B5C0100123456 /* Assets.xcassets in Resources */ = {isa = PBXBuildFile; fileRef = 1A0001E32C8B5C0100123456 /* Assets.xcassets */; };
		1A0001E72C8B5C0100123456 /* Preview Assets.xcassets in Resources */ = {isa = PBXBuildFile; fileRef = 1A0001E62C8B5C0100123456 /* Preview Assets.xcassets */; };
		1A0001F12C8B5D0000123456 /* ApplePayController.swift in Sources */ = {isa = PBXBuildFile; fileRef = 1A0001F02C8B5D0000123456 /* ApplePayController.swift */; };
		1A0001F32C8B5D5000123456 /* ScreensaverManager.swift in Sources */ = {isa = PBXBuildFile; fileRef = 1A0001F22C8B5D5000123456 /* ScreensaverManager.swift */; };
		1A0001F52C8B5E0000123456 /* PassKit.framework in Frameworks */ = {isa = PBXBuildFile; fileRef = 1A0001F42C8B5E0000123456 /* PassKit.framework */; };
/* End PBXBuildFile section */

/* Begin PBXContainerItemProxy section */
/* End PBXContainerItemProxy section */

/* Begin PBXFileReference section */
		1A0001DB2C8B5C0000123456 /* PhoneUnlocker.app */ = {isa = PBXFileReference; explicitFileType = wrapper.application; includeInIndex = 0; path = PhoneUnlocker.app; sourceTree = BUILT_PRODUCTS_DIR; };
		1A0001DF2C8B5C0000123456 /* PhoneUnlockerApp.swift */ = {isa = PBXFileReference; lastKnownFileType = sourcecode.swift; path = PhoneUnlockerApp.swift; sourceTree = "<group>"; };
		1A0001E12C8B5C0000123456 /* ContentView.swift */ = {isa = PBXFileReference; lastKnownFileType = sourcecode.swift; path = ContentView.swift; sourceTree = "<group>"; };
		1A0001E32C8B5C0100123456 /* Assets.xcassets */ = {isa = PBXFileReference; lastKnownFileType = folder.assetcatalog; path = Assets.xcassets; sourceTree = "<group>"; };
		1A0001E62C8B5C0100123456 /* Preview Assets.xcassets */ = {isa = PBXFileReference; lastKnownFileType = folder.assetcatalog; path = "Preview Assets.xcassets"; sourceTree = "<group>"; };
		1A0001E82C8B5C0100123456 /* Info.plist */ = {isa = PBXFileReference; lastKnownFileType = text.plist.xml; path = Info.plist; sourceTree = "<group>"; };
		1A0001F02C8B5D0000123456 /* ApplePayController.swift */ = {isa = PBXFileReference; lastKnownFileType = sourcecode.swift; path = ApplePayController.swift; sourceTree = "<group>"; };
		1A0001F22C8B5D5000123456 /* ScreensaverManager.swift */ = {isa = PBXFileReference; lastKnownFileType = sourcecode.swift; path = ScreensaverManager.swift; sourceTree = "<group>"; };
		1A0001F42C8B5E0000123456 /* PassKit.framework */ = {isa = PBXFileReference; lastKnownFileType = wrapper.framework; name = PassKit.framework; path = System/Library/Frameworks/PassKit.framework; sourceTree = SDKROOT; };
/* End PBXFileReference section */

/* Begin PBXFrameworksBuildPhase section */
		1A0001D82C8B5C0000123456 /* Frameworks */ = {
			isa = PBXFrameworksBuildPhase;
			buildActionMask = 2147483647;
			files = (
				1A0001F52C8B5E0000123456 /* PassKit.framework in Frameworks */,
			);
			runOnlyForDeploymentPostprocessing = 0;
		};
/* End PBXFrameworksBuildPhase section */

/* Begin PBXGroup section */
		1A0001D22C8B5C0000123456 = {
			isa = PBXGroup;
			children = (
				1A0001DD2C8B5C0000123456 /* PhoneUnlocker */,
				1A0001DC2C8B5C0000123456 /* Products */,
				1A0001F42C8B5E0000123456 /* PassKit.framework */,
			);
			sourceTree = "<group>";
		};
		1A0001DC2C8B5C0000123456 /* Products */ = {
			isa = PBXGroup;
			children = (
				1A0001DB2C8B5C0000123456 /* PhoneUnlocker.app */,
			);
			name = Products;
			sourceTree = "<group>";
		};
		1A0001DD2C8B5C0000123456 /* PhoneUnlocker */ = {
			isa = PBXGroup;
			children = (
				1A0001DF2C8B5C0000123456 /* PhoneUnlockerApp.swift */,
				1A0001E12C8B5C0000123456 /* ContentView.swift */,
				1A0001F02C8B5D0000123456 /* ApplePayController.swift */,
				1A0001F22C8B5D5000123456 /* ScreensaverManager.swift */,
				1A0001E32C8B5C0100123456 /* Assets.xcassets */,
				1A0001E82C8B5C0100123456 /* Info.plist */,
				1A0001E52C8B5C0100123456 /* Preview Content */,
			);
			path = PhoneUnlocker;
			sourceTree = "<group>";
		};
		1A0001E52C8B5C0100123456 /* Preview Content */ = {
			isa = PBXGroup;
			children = (
				1A0001E62C8B5C0100123456 /* Preview Assets.xcassets */,
			);
			path = "Preview Content";
			sourceTree = "<group>";
		};
/* End PBXGroup section */

/* Begin PBXNativeTarget section */
		1A0001DA2C8B5C0000123456 /* PhoneUnlocker */ = {
			isa = PBXNativeTarget;
			buildConfigurationList = 1A0001EB2C8B5C0100123456 /* Build configuration list for PBXNativeTarget "PhoneUnlocker" */;
			buildPhases = (
				1A0001D72C8B5C0000123456 /* Sources */,
				1A0001D82C8B5C0000123456 /* Frameworks */,
				1A0001D92C8B5C0000123456 /* Resources */,
			);
			buildRules = (
			);
			dependencies = (
			);
			name = PhoneUnlocker;
			productName = PhoneUnlocker;
			productReference = 1A0001DB2C8B5C0000123456 /* PhoneUnlocker.app */;
			productType = "com.apple.product-type.application";
		};
/* End PBXNativeTarget section */

/* Begin PBXProject section */
		1A0001D32C8B5C0000123456 /* Project object */ = {
			isa = PBXProject;
			attributes = {
				BuildIndependentTargetsInParallel = 1;
				LastUpgradeCheck = 1540;
				TargetAttributes = {
					1A0001DA2C8B5C0000123456 = {
						CreatedOnToolsVersion = 14.0;
					};
				};
			};
			buildConfigurationList = 1A0001D62C8B5C0000123456 /* Build configuration list for PBXProject "PhoneUnlocker" */;
			compatibilityVersion = "Xcode 14.0";
			developmentRegion = en;
			hasScannedForEncodings = 0;
			knownRegions = (
				en,
				Base,
			);
			mainGroup = 1A0001D22C8B5C0000123456;
			productRefGroup = 1A0001DC2C8B5C0000123456 /* Products */;
			projectDirPath = "";
			projectRoot = "";
			targets = (
				1A0001DA2C8B5C0000123456 /* PhoneUnlocker */,
			);
		};
/* End PBXProject section */

/* Begin PBXResourcesBuildPhase section */
		1A0001D92C8B5C0000123456 /* Resources */ = {
			isa = PBXResourcesBuildPhase;
			buildActionMask = 2147483647;
			files = (
				1A0001E72C8B5C0100123456 /* Preview Assets.xcassets in Resources */,
				1A0001E42C8B5C0100123456 /* Assets.xcassets in Resources */,
			);
			runOnlyForDeploymentPostprocessing = 0;
		};
/* End PBXResourcesBuildPhase section */

/* Begin PBXSourcesBuildPhase section */
		1A0001D72C8B5C0000123456 /* Sources */ = {
			isa = PBXSourcesBuildPhase;
			buildActionMask = 2147483647;
			files = (
				1A0001E22C8B5C0000123456 /* ContentView.swift in Sources */,
				1A0001E02C8B5C0000123456 /* PhoneUnlockerApp.swift in Sources */,
				1A0001F12C8B5D0000123456 /* ApplePayController.swift in Sources */,
				1A0001F32C8B5D5000123456 /* ScreensaverManager.swift in Sources */,
			);
			runOnlyForDeploymentPostprocessing = 0;
		};
/* End PBXSourcesBuildPhase section */

/* Begin XCBuildConfiguration section */
		1A0001E92C8B5C0100123456 /* Debug */ = {
			isa = XCBuildConfiguration;
			buildSettings = {
				ALWAYS_SEARCH_USER_PATHS = NO;
				CLANG_ANALYZER_NONNULL = YES;
				CLANG_ANALYZER_NUMBER_OBJECT_CONVERSION = YES_AGGRESSIVE;
				CLANG_CXX_LANGUAGE_DIALECT = "c++20";
				CLANG_CXX_LIBRARY = "libc++";
				CLANG_ENABLE_MODULES = YES;
				CLANG_ENABLE_OBJC_ARC = YES;
				CLANG_WARN_BLOCK_CAPTURE_AUTORELEASING = YES;
				CLANG_WARN_BOOL_CONVERSION = YES;
				CLANG_WARN_COMMA = YES;
				CLANG_WARN_CONSTANT_CONVERSION = YES;
				CLANG_WARN_DEPRECATED_OBJC_IMPLEMENTATIONS = YES;
				CLANG_WARN_DIRECT_OBJC_ISA_USAGE = YES_ERROR;
				CLANG_WARN_DOCUMENTATION_COMMENTS = YES;
				CLANG_WARN_EMPTY_BODY = YES;
				CLANG_WARN_ENUM_CONVERSION = YES;
				CLANG_WARN_INFINITE_RECURSION = YES;
				CLANG_WARN_INT_CONVERSION = YES;
				CLANG_WARN_NON_LITERAL_NULL_CONVERSION = YES;
				CLANG_WARN_OBJC_IMPLICIT_RETAIN_SELF = YES;
				CLANG_WARN_OBJC_LITERAL_CONVERSION = YES;
				CLANG_WARN_OBJC_ROOT_CLASS = YES_ERROR;
				CLANG_WARN_QUOTED_INCLUDE_IN_FRAMEWORK_HEADER = YES;
				CLANG_WARN_RANGE_LOOP_ANALYSIS = YES;
				CLANG_WARN_STRICT_PROTOTYPES = YES;
				CLANG_WARN_SUSPICIOUS_MOVE = YES;
				CLANG_WARN_SUSPICIOUS_IMPLICIT_CONVERSION = YES;
				CLANG_WARN_UNREACHABLE_CODE = YES;
				CLANG_WARN__DUPLICATE_METHOD_MATCH = YES;
				COPY_PHASE_STRIP = NO;
				DEBUG_INFORMATION_FORMAT = dwarf;
				ENABLE_STRICT_OBJC_MSGSEND = YES;
				ENABLE_TESTABILITY = YES;
				GCC_C_LANGUAGE_DIALECT = c99;
				GCC_DYNAMIC_NO_PIC = NO;
				GCC_NO_COMMON_BLOCKS = YES;
				GCC_OPTIMIZATION_LEVEL = 0;
				GCC_PREPROCESSOR_DEFINITIONS = (
					"DEBUG=1",
					"$(inherited)",
				);
				GCC_WARN_64_TO_32_BIT_CONVERSION = YES;
				GCC_WARN_ABOUT_RETURN_TYPE = YES_ERROR;
				GCC_WARN_UNDECLARED_SELECTOR = YES;
				GCC_WARN_UNINITIALIZED_AUTOS = YES_AGGRESSIVE;
				GCC_WARN_UNUSED_FUNCTION = YES;
				GCC_WARN_UNUSED_VARIABLE = YES;
				MACOSX_DEPLOYMENT_TARGET = 13.0;
				MTL_ENABLE_DEBUG_INFO = INCLUDE_SOURCE;
				MTL_FAST_MATH = YES;
				ONLY_ACTIVE_ARCH = YES;
				SDKROOT = macosx;
				SWIFT_ACTIVE_COMPILATION_CONDITIONS = DEBUG;
				SWIFT_OPTIMIZATION_LEVEL = "-Onone";
			};
			name = Debug;
		};
		1A0001EA2C8B5C0100123456 /* Release */ = {
			isa = XCBuildConfiguration;
			buildSettings = {
				ALWAYS_SEARCH_USER_PATHS = NO;
				CLANG_ANALYZER_NONNULL = YES;
				CLANG_ANALYZER_NUMBER_OBJECT_CONVERSION = YES_AGGRESSIVE;
				CLANG_CXX_LANGUAGE_DIALECT = "c++20";
				CLANG_CXX_LIBRARY = "libc++";
				CLANG_ENABLE_MODULES = YES;
				CLANG_ENABLE_OBJC_ARC = YES;
				CLANG_WARN_BLOCK_CAPTURE_AUTORELEASING = YES;
				CLANG_WARN_BOOL_CONVERSION = YES;
				CLANG_WARN_COMMA = YES;
				CLANG_WARN_CONSTANT_CONVERSION = YES;
				CLANG_WARN_DEPRECATED_OBJC_IMPLEMENTATIONS = YES;
				CLANG_WARN_DIRECT_OBJC_ISA_USAGE = YES_ERROR;
				CLANG_WARN_DOCUMENTATION_COMMENTS = YES;
				CLANG_WARN_EMPTY_BODY = YES;
				CLANG_WARN_ENUM_CONVERSION = YES;
				CLANG_WARN_INFINITE_RECURSION = YES;
				CLANG_WARN_INT_CONVERSION = YES;
				CLANG_WARN_NON_LITERAL_NULL_CONVERSION = YES;
				CLANG_WARN_OBJC_IMPLICIT_RETAIN_SELF = YES;
				CLANG_WARN_OBJC_LITERAL_CONVERSION = YES;
				CLANG_WARN_OBJC_ROOT_CLASS = YES_ERROR;
				CLANG_WARN_QUOTED_INCLUDE_IN_FRAMEWORK_HEADER = YES;
				CLANG_WARN_RANGE_LOOP_ANALYSIS = YES;
				CLANG_WARN_STRICT_PROTOTYPES = YES;
				CLANG_WARN_SUSPICIOUS_MOVE = YES;
				CLANG_WARN_SUSPICIOUS_IMPLICIT_CONVERSION = YES;
				CLANG_WARN_UNREACHABLE_CODE = YES;
				CLANG_WARN__DUPLICATE_METHOD_MATCH = YES;
				COPY_PHASE_STRIP = NO;
				DEBUG_INFORMATION_FORMAT = "dwarf-with-dsym";
				ENABLE_NS_ASSERTIONS = NO;
				ENABLE_STRICT_OBJC_MSGSEND = YES;
				GCC_C_LANGUAGE_DIALECT = c99;
				GCC_NO_COMMON_BLOCKS = YES;
				GCC_OPTIMIZATION_LEVEL = fast;
				GCC_WARN_64_TO_32_BIT_CONVERSION = YES;
				GCC_WARN_ABOUT_RETURN_TYPE = YES_ERROR;
				GCC_WARN_UNDECLARED_SELECTOR = YES;
				GCC_WARN_UNINITIALIZED_AUTOS = YES_AGGRESSIVE;
				GCC_WARN_UNUSED_FUNCTION = YES;
				GCC_WARN_UNUSED_VARIABLE = YES;
				MACOSX_DEPLOYMENT_TARGET = 13.0;
				MTL_ENABLE_DEBUG_INFO = NO;
				MTL_FAST_MATH = YES;
				SDKROOT = macosx;
				SWIFT_COMPILATION_MODE = wholemodule;
				SWIFT_OPTIMIZATION_LEVEL = "-O";
			};
			name = Release;
		};
		1A0001EC2C8B5C0100123456 /* Debug */ = {
			isa = XCBuildConfiguration;
			buildSettings = {
				ASSETCATALOG_COMPILER_APPICON_NAME = AppIcon;
				ASSETCATALOG_COMPILER_GLOBAL_ACCENT_COLOR_NAME = AccentColor;
				CODE_SIGN_ENTITLEMENTS = PhoneUnlocker/PhoneUnlocker.entitlements;
				CODE_SIGN_IDENTITY = "-";
				CODE_SIGN_STYLE = Automatic;
				COMBINE_HIDPI_IMAGES = YES;
				CURRENT_PROJECT_VERSION = 1;
				DEVELOPMENT_ASSET_PATHS = "PhoneUnlocker/Preview\\ Content";
				DEVELOPMENT_TEAM = "";
				ENABLE_HARDENED_RUNTIME = YES;
				INFOPLIST_FILE = PhoneUnlocker/Info.plist;
				LD_RUNPATH_SEARCH_PATHS = (
					"$(inherited)",
					"@executable_path/../Frameworks",
				);
				MACOSX_DEPLOYMENT_TARGET = 13.0;
				MARKETING_VERSION = 1.0;
				PRODUCT_BUNDLE_IDENTIFIER = com.phoneunlocker.app;
				PRODUCT_NAME = "$(TARGET_NAME)";
				SWIFT_EMIT_LOC_STRINGS = YES;
				SWIFT_VERSION = 5.0;
			};
			name = Debug;
		};
		1A0001ED2C8B5C0100123456 /* Release */ = {
			isa = XCBuildConfiguration;
			buildSettings = {
				ASSETCATALOG_COMPILER_APPICON_NAME = AppIcon;
				ASSETCATALOG_COMPILER_GLOBAL_ACCENT_COLOR_NAME = AccentColor;
				CODE_SIGN_ENTITLEMENTS = PhoneUnlocker/PhoneUnlocker.entitlements;
				CODE_SIGN_IDENTITY = "-";
				CODE_SIGN_STYLE = Automatic;
				COMBINE_HIDPI_IMAGES = YES;
				CURRENT_PROJECT_VERSION = 1;
				DEVELOPMENT_ASSET_PATHS = "PhoneUnlocker/Preview\\ Content";
				DEVELOPMENT_TEAM = "";
				ENABLE_HARDENED_RUNTIME = YES;
				INFOPLIST_FILE = PhoneUnlocker/Info.plist;
				LD_RUNPATH_SEARCH_PATHS = (
					"$(inherited)",
					"@executable_path/../Frameworks",
				);
				MACOSX_DEPLOYMENT_TARGET = 13.0;
				MARKETING_VERSION = 1.0;
				PRODUCT_BUNDLE_IDENTIFIER = com.phoneunlocker.app;
				PRODUCT_NAME = "$(TARGET_NAME)";
				SWIFT_EMIT_LOC_STRINGS = YES;
				SWIFT_VERSION = 5.0;
			};
			name = Release;
		};
	};
	rootObject = 1A0001D32C8B5C0000123456 /* Project object */;
}
